# @generated by Move, please check-in and do not edit manually.

[move]
version = 3
manifest_digest = "AEF985E955F9D2FEFA662CB9F1DE2B9159D23336578F7433A4C1D6CC390F01C1"
deps_digest = "F8BBB0CCB2491CA29A3DF03D6F92277A4F3574266507ACD77214D37ECA3F3082"
dependencies = [
  { id = "Sui", name = "Sui" },
]

[[move.package]]
id = "MoveStdlib"
source = { git = "https://github.com/MystenLabs/sui.git", rev = "framework/devnet", subdir = "crates/sui-framework/packages/move-stdlib" }

[[move.package]]
id = "Sui"
source = { git = "https://github.com/MystenLabs/sui.git", rev = "framework/devnet", subdir = "crates/sui-framework/packages/sui-framework" }

dependencies = [
  { id = "MoveStdlib", name = "MoveStdlib" },
]

[move.toolchain-version]
compiler-version = "1.39.3"
edition = "2024.beta"
flavor = "sui"

[env]

[env.devnet]
chain-id = "19012592"
original-published-id = "0x633cd41f6a941d55449adc6a11d434775da24336e2c6ab3c836aacf0bdeb042d"
latest-published-id = "0x633cd41f6a941d55449adc6a11d434775da24336e2c6ab3c836aacf0bdeb042d"
published-version = "1"
